
Microsoft Visual Studio Solution File, Format Version 12.00
# Visual Studio Version 16
VisualStudioVersion = 16.0.29306.81
MinimumVisualStudioVersion = 10.0.40219.1
Project("{9A19103F-16F7-4668-BE54-9A1E7A4F7556}") = "Slave", "Slave\Slave.csproj", "{5D60CC42-D9FB-4DFA-A8C9-DD2FE70EB633}"
EndProject
Global
	GlobalSection(SolutionConfigurationPlatforms) = preSolution
		Debug|Any CPU = Debug|Any CPU
		Release|Any CPU = Release|Any CPU
	EndGlobalSection
	GlobalSection(ProjectConfigurationPlatforms) = postSolution
		{5D60CC42-D9FB-4DFA-A8C9-DD2FE70EB633}.Debug|Any CPU.ActiveCfg = Debug|Any CPU
		{5D60CC42-D9FB-4DFA-A8C9-DD2FE70EB633}.Debug|Any CPU.Build.0 = Debug|Any CPU
		{5D60CC42-D9FB-4DFA-A8C9-DD2FE70EB633}.Release|Any CPU.ActiveCfg = Release|Any CPU
		{5D60CC42-D9FB-4DFA-A8C9-DD2FE70EB633}.Release|Any CPU.Build.0 = Release|Any CPU
	EndGlobalSection
	GlobalSection(SolutionProperties) = preSolution
		HideSolutionNode = FALSE
	EndGlobalSection
	GlobalSection(ExtensibilityGlobals) = postSolution
		SolutionGuid = {707C8CED-DDCB-4D38-9641-5EA898B83608}
	EndGlobalSection
EndGlobal
